{
	"name": "workers",
	"version": "1.0.0",
	"lockfileVersion": 1,
	"requires": true,
	"dependencies": {
		"@assemblyscript/loader": {
			"version": "0.14.8",
			"resolved": "https://registry.npmjs.org/@assemblyscript/loader/-/loader-0.14.8.tgz",
			"integrity": "sha512-3LGkK2pojdCpxgb2jWgMMmXx65hGqCl2fPvtvAn0FFmROCL/wQa7W7o/aWppSBf7CtSPSPx/ANOavznQUDJX8g=="
		},
		"lodash": {
			"version": "4.17.20",
			"resolved": "https://registry.npmjs.org/lodash/-/lodash-4.17.20.tgz",
			"integrity": "sha512-PlhdFcillOINfeV7Ni6oF1TAEayyZBoZ8bcshTHqOYJYlrqzRK5hagpagky5o4HfCzzd1TRkXPMFq6cKk9rGmA=="
		}
	}
}
